
Microsoft Visual Studio Solution File, Format Version 12.00
# Visual Studio Version 17
VisualStudioVersion = 17.4.33213.308
MinimumVisualStudioVersion = 10.0.40219.1
Project("{8BC9CEB8-8B4A-11D0-8D11-00A0C91BC942}") = "Adapter", "Adapter.vcxproj", "{0416402E-D0E9-40ED-AE9D-F5B4AA19DB78}"
EndProject
Global
	GlobalSection(SolutionConfigurationPlatforms) = preSolution
		Debug|x64 = Debug|x64
		Debug|x86 = Debug|x86
		Release|x64 = Release|x64
		Release|x86 = Release|x86
	EndGlobalSection
	GlobalSection(ProjectConfigurationPlatforms) = postSolution
		{0416402E-D0E9-40ED-AE9D-F5B4AA19DB78}.Debug|x64.ActiveCfg = Debug|x64
		{0416402E-D0E9-40ED-AE9D-F5B4AA19DB78}.Debug|x64.Build.0 = Debug|x64
		{0416402E-D0E9-40ED-AE9D-F5B4AA19DB78}.Debug|x86.ActiveCfg = Debug|Win32
		{0416402E-D0E9-40ED-AE9D-F5B4AA19DB78}.Debug|x86.Build.0 = Debug|Win32
		{0416402E-D0E9-40ED-AE9D-F5B4AA19DB78}.Release|x64.ActiveCfg = Release|x64
		{0416402E-D0E9-40ED-AE9D-F5B4AA19DB78}.Release|x64.Build.0 = Release|x64
		{0416402E-D0E9-40ED-AE9D-F5B4AA19DB78}.Release|x86.ActiveCfg = Release|Win32
		{0416402E-D0E9-40ED-AE9D-F5B4AA19DB78}.Release|x86.Build.0 = Release|Win32
	EndGlobalSection
	GlobalSection(SolutionProperties) = preSolution
		HideSolutionNode = FALSE
	EndGlobalSection
	GlobalSection(ExtensibilityGlobals) = postSolution
		SolutionGuid = {09939106-A4F5-4328-BBC6-A5A619595344}
	EndGlobalSection
EndGlobal
